
Microsoft Visual Studio Solution File, Format Version 12.00
# Visual Studio Version 17
VisualStudioVersion = 17.6.33723.286
MinimumVisualStudioVersion = 10.0.40219.1
Project("{FAE04EC0-301F-11D3-BF4B-00C04F79EFBC}") = "DigitalAnalysis", "DigitalAnalysis\DigitalAnalysis.csproj", "{532C8E6B-EFF0-4328-963B-471697B607CF}"
EndProject
Global
	GlobalSection(SolutionConfigurationPlatforms) = preSolution
		Debug|Any CPU = Debug|Any CPU
		Release|Any CPU = Release|Any CPU
	EndGlobalSection
	GlobalSection(ProjectConfigurationPlatforms) = postSolution
		{532C8E6B-EFF0-4328-963B-471697B607CF}.Debug|Any CPU.ActiveCfg = Debug|Any CPU
		{532C8E6B-EFF0-4328-963B-471697B607CF}.Debug|Any CPU.Build.0 = Debug|Any CPU
		{532C8E6B-EFF0-4328-963B-471697B607CF}.Release|Any CPU.ActiveCfg = Release|Any CPU
		{532C8E6B-EFF0-4328-963B-471697B607CF}.Release|Any CPU.Build.0 = Release|Any CPU
	EndGlobalSection
	GlobalSection(SolutionProperties) = preSolution
		HideSolutionNode = FALSE
	EndGlobalSection
	GlobalSection(ExtensibilityGlobals) = postSolution
		SolutionGuid = {A615486C-B468-4EB1-8A78-F12ADFD6BED0}
	EndGlobalSection
EndGlobal
